
Microsoft Visual Studio Solution File, Format Version 12.00
# Visual Studio Version 17
VisualStudioVersion = 17.1.32328.378
MinimumVisualStudioVersion = 10.0.40219.1
Project("{FAE04EC0-301F-11D3-BF4B-00C04F79EFBC}") = "SimpleRestv2", "SimpleRestv2\SimpleRestv2.csproj", "{DFB3E817-5551-4244-B3CB-2EEC681437A3}"
EndProject
Global
	GlobalSection(SolutionConfigurationPlatforms) = preSolution
		Debug|Any CPU = Debug|Any CPU
		Release|Any CPU = Release|Any CPU
	EndGlobalSection
	GlobalSection(ProjectConfigurationPlatforms) = postSolution
		{DFB3E817-5551-4244-B3CB-2EEC681437A3}.Debug|Any CPU.ActiveCfg = Debug|Any CPU
		{DFB3E817-5551-4244-B3CB-2EEC681437A3}.Debug|Any CPU.Build.0 = Debug|Any CPU
		{DFB3E817-5551-4244-B3CB-2EEC681437A3}.Release|Any CPU.ActiveCfg = Release|Any CPU
		{DFB3E817-5551-4244-B3CB-2EEC681437A3}.Release|Any CPU.Build.0 = Release|Any CPU
	EndGlobalSection
	GlobalSection(SolutionProperties) = preSolution
		HideSolutionNode = FALSE
	EndGlobalSection
	GlobalSection(ExtensibilityGlobals) = postSolution
		SolutionGuid = {D314F77E-67BB-4563-AA45-E8F615711791}
	EndGlobalSection
EndGlobal
